// !$*UTF8*$!
{
	archiveVersion = 1;
	classes = {
	};
	objectVersion = 56;
	objects = {

/* Begin PBXBuildFile section */
		09089A052B14DC4100029A82 /* SecureAddressFacade.swift in Sources */ = {isa = PBXBuildFile; fileRef = 09089A042B14DC4100029A82 /* SecureAddressFacade.swift */; };
		09089A072B14DCD000029A82 /* DataError.swift in Sources */ = {isa = PBXBuildFile; fileRef = 09089A062B14DCD000029A82 /* DataError.swift */; };
		0921E4DA2B14D16A00EBEA44 /* KeyChainManager.swift in Sources */ = {isa = PBXBuildFile; fileRef = 0921E4D92B14D16A00EBEA44 /* KeyChainManager.swift */; };
		092200A72B175C440039F7A4 /* Collection+Extension.swift in Sources */ = {isa = PBXBuildFile; fileRef = 092200A62B175C440039F7A4 /* Collection+Extension.swift */; };
		092B62082B0E94A4001451C2 /* HomeChart.swift in Sources */ = {isa = PBXBuildFile; fileRef = 092B62072B0E94A4001451C2 /* HomeChart.swift */; };
		096178252A7D1815002CA8A6 /* Kingfisher in Frameworks */ = {isa = PBXBuildFile; productRef = 096178242A7D1815002CA8A6 /* Kingfisher */; };
		098C3DA22B194F9E004CB16C /* ShimmerEffectBox.swift in Sources */ = {isa = PBXBuildFile; fileRef = 098C3DA12B194F9E004CB16C /* ShimmerEffectBox.swift */; };
		099E09C52B3F23B100D68840 /* Coordinator.swift in Sources */ = {isa = PBXBuildFile; fileRef = 099E09C42B3F23B100D68840 /* Coordinator.swift */; };
		099E09C72B3F26C600D68840 /* Page.swift in Sources */ = {isa = PBXBuildFile; fileRef = 099E09C62B3F26C600D68840 /* Page.swift */; };
		09ADAA082B02959200107F74 /* StartView.swift in Sources */ = {isa = PBXBuildFile; fileRef = 09ADAA072B02959200107F74 /* StartView.swift */; };
		09ADAA0C2B0296D300107F74 /* HomeView.swift in Sources */ = {isa = PBXBuildFile; fileRef = 09ADAA0B2B0296D300107F74 /* HomeView.swift */; };
		09ADAA0E2B0296DC00107F74 /* HomeViewModel.swift in Sources */ = {isa = PBXBuildFile; fileRef = 09ADAA0D2B0296DC00107F74 /* HomeViewModel.swift */; };
		09CF1F282B1674560077C328 /* RecommendCoin.swift in Sources */ = {isa = PBXBuildFile; fileRef = 09CF1F272B1674560077C328 /* RecommendCoin.swift */; };
		09CF1F2B2B167D4E0077C328 /* CardItem.swift in Sources */ = {isa = PBXBuildFile; fileRef = 09CF1F2A2B167D4E0077C328 /* CardItem.swift */; };
		09CF1F2D2B1681530077C328 /* HeaderText.swift in Sources */ = {isa = PBXBuildFile; fileRef = 09CF1F2C2B1681530077C328 /* HeaderText.swift */; };
		09CFA82B2B0BF35E00E904A0 /* CoinItem.swift in Sources */ = {isa = PBXBuildFile; fileRef = 09CFA82A2B0BF35E00E904A0 /* CoinItem.swift */; };
		09CFA82D2B0BF40C00E904A0 /* FermItem.swift in Sources */ = {isa = PBXBuildFile; fileRef = 09CFA82C2B0BF40C00E904A0 /* FermItem.swift */; };
		09CFA82F2B0BF6FB00E904A0 /* LightBackgroundModifier.swift in Sources */ = {isa = PBXBuildFile; fileRef = 09CFA82E2B0BF6FB00E904A0 /* LightBackgroundModifier.swift */; };
		09CFA8312B0BF72D00E904A0 /* RecommendView.swift in Sources */ = {isa = PBXBuildFile; fileRef = 09CFA8302B0BF72D00E904A0 /* RecommendView.swift */; };
		09EF875F2A24D6CC00EC9D7A /* MineChartsApp.swift in Sources */ = {isa = PBXBuildFile; fileRef = 09EF875E2A24D6CC00EC9D7A /* MineChartsApp.swift */; };
		09EF87632A24D6D000EC9D7A /* Assets.xcassets in Resources */ = {isa = PBXBuildFile; fileRef = 09EF87622A24D6D000EC9D7A /* Assets.xcassets */; };
		09EF87662A24D6D000EC9D7A /* Preview Assets.xcassets in Resources */ = {isa = PBXBuildFile; fileRef = 09EF87652A24D6D000EC9D7A /* Preview Assets.xcassets */; };
		09F732C22B041500004FA502 /* SafeSFSymbols in Frameworks */ = {isa = PBXBuildFile; productRef = 09F732C12B041500004FA502 /* SafeSFSymbols */; };
		09FD22882B07C16800DFACA6 /* PillTextModifier.swift in Sources */ = {isa = PBXBuildFile; fileRef = 09FD22872B07C16800DFACA6 /* PillTextModifier.swift */; };
		09FD228A2B07C1E800DFACA6 /* ScaleByTapGestureModifier.swift in Sources */ = {isa = PBXBuildFile; fileRef = 09FD22892B07C1E800DFACA6 /* ScaleByTapGestureModifier.swift */; };
		09FD228D2B07C21400DFACA6 /* View+Extension.swift in Sources */ = {isa = PBXBuildFile; fileRef = 09FD228C2B07C21400DFACA6 /* View+Extension.swift */; };
		09FD228F2B07C24000DFACA6 /* Color+Extension.swift in Sources */ = {isa = PBXBuildFile; fileRef = 09FD228E2B07C24000DFACA6 /* Color+Extension.swift */; };
/* End PBXBuildFile section */

/* Begin PBXFileReference section */
		09089A042B14DC4100029A82 /* SecureAddressFacade.swift */ = {isa = PBXFileReference; lastKnownFileType = sourcecode.swift; path = SecureAddressFacade.swift; sourceTree = "<group>"; };
		09089A062B14DCD000029A82 /* DataError.swift */ = {isa = PBXFileReference; lastKnownFileType = sourcecode.swift; path = DataError.swift; sourceTree = "<group>"; };
		0921E4D92B14D16A00EBEA44 /* KeyChainManager.swift */ = {isa = PBXFileReference; lastKnownFileType = sourcecode.swift; path = KeyChainManager.swift; sourceTree = "<group>"; };
		092200A62B175C440039F7A4 /* Collection+Extension.swift */ = {isa = PBXFileReference; lastKnownFileType = sourcecode.swift; path = "Collection+Extension.swift"; sourceTree = "<group>"; };
		092B62072B0E94A4001451C2 /* HomeChart.swift */ = {isa = PBXFileReference; lastKnownFileType = sourcecode.swift; path = HomeChart.swift; sourceTree = "<group>"; };
		098C3DA12B194F9E004CB16C /* ShimmerEffectBox.swift */ = {isa = PBXFileReference; lastKnownFileType = sourcecode.swift; path = ShimmerEffectBox.swift; sourceTree = "<group>"; };
		099E09C42B3F23B100D68840 /* Coordinator.swift */ = {isa = PBXFileReference; lastKnownFileType = sourcecode.swift; path = Coordinator.swift; sourceTree = "<group>"; };
		099E09C62B3F26C600D68840 /* Page.swift */ = {isa = PBXFileReference; lastKnownFileType = sourcecode.swift; path = Page.swift; sourceTree = "<group>"; };
		09ADAA072B02959200107F74 /* StartView.swift */ = {isa = PBXFileReference; lastKnownFileType = sourcecode.swift; path = StartView.swift; sourceTree = "<group>"; };
		09ADAA0B2B0296D300107F74 /* HomeView.swift */ = {isa = PBXFileReference; lastKnownFileType = sourcecode.swift; path = HomeView.swift; sourceTree = "<group>"; };
		09ADAA0D2B0296DC00107F74 /* HomeViewModel.swift */ = {isa = PBXFileReference; lastKnownFileType = sourcecode.swift; path = HomeViewModel.swift; sourceTree = "<group>"; };
		09CF1F272B1674560077C328 /* RecommendCoin.swift */ = {isa = PBXFileReference; lastKnownFileType = sourcecode.swift; path = RecommendCoin.swift; sourceTree = "<group>"; };
		09CF1F2A2B167D4E0077C328 /* CardItem.swift */ = {isa = PBXFileReference; lastKnownFileType = sourcecode.swift; path = CardItem.swift; sourceTree = "<group>"; };
		09CF1F2C2B1681530077C328 /* HeaderText.swift */ = {isa = PBXFileReference; lastKnownFileType = sourcecode.swift; path = HeaderText.swift; sourceTree = "<group>"; };
		09CFA82A2B0BF35E00E904A0 /* CoinItem.swift */ = {isa = PBXFileReference; lastKnownFileType = sourcecode.swift; path = CoinItem.swift; sourceTree = "<group>"; };
		09CFA82C2B0BF40C00E904A0 /* FermItem.swift */ = {isa = PBXFileReference; lastKnownFileType = sourcecode.swift; path = FermItem.swift; sourceTree = "<group>"; };
		09CFA82E2B0BF6FB00E904A0 /* LightBackgroundModifier.swift */ = {isa = PBXFileReference; lastKnownFileType = sourcecode.swift; path = LightBackgroundModifier.swift; sourceTree = "<group>"; };
		09CFA8302B0BF72D00E904A0 /* RecommendView.swift */ = {isa = PBXFileReference; lastKnownFileType = sourcecode.swift; path = RecommendView.swift; sourceTree = "<group>"; };
		09EF875B2A24D6CC00EC9D7A /* MineCharts.app */ = {isa = PBXFileReference; explicitFileType = wrapper.application; includeInIndex = 0; path = MineCharts.app; sourceTree = BUILT_PRODUCTS_DIR; };
		09EF875E2A24D6CC00EC9D7A /* MineChartsApp.swift */ = {isa = PBXFileReference; lastKnownFileType = sourcecode.swift; path = MineChartsApp.swift; sourceTree = "<group>"; };
		09EF87622A24D6D000EC9D7A /* Assets.xcassets */ = {isa = PBXFileReference; lastKnownFileType = folder.assetcatalog; path = Assets.xcassets; sourceTree = "<group>"; };
		09EF87652A24D6D000EC9D7A /* Preview Assets.xcassets */ = {isa = PBXFileReference; lastKnownFileType = folder.assetcatalog; path = "Preview Assets.xcassets"; sourceTree = "<group>"; };
		09FD22872B07C16800DFACA6 /* PillTextModifier.swift */ = {isa = PBXFileReference; lastKnownFileType = sourcecode.swift; path = PillTextModifier.swift; sourceTree = "<group>"; };
		09FD22892B07C1E800DFACA6 /* ScaleByTapGestureModifier.swift */ = {isa = PBXFileReference; lastKnownFileType = sourcecode.swift; path = ScaleByTapGestureModifier.swift; sourceTree = "<group>"; };
		09FD228C2B07C21400DFACA6 /* View+Extension.swift */ = {isa = PBXFileReference; lastKnownFileType = sourcecode.swift; path = "View+Extension.swift"; sourceTree = "<group>"; };
		09FD228E2B07C24000DFACA6 /* Color+Extension.swift */ = {isa = PBXFileReference; lastKnownFileType = sourcecode.swift; path = "Color+Extension.swift"; sourceTree = "<group>"; };
/* End PBXFileReference section */

/* Begin PBXFrameworksBuildPhase section */
		09EF87582A24D6CC00EC9D7A /* Frameworks */ = {
			isa = PBXFrameworksBuildPhase;
			buildActionMask = 2147483647;
			files = (
				09F732C22B041500004FA502 /* SafeSFSymbols in Frameworks */,
				096178252A7D1815002CA8A6 /* Kingfisher in Frameworks */,
			);
			runOnlyForDeploymentPostprocessing = 0;
		};
/* End PBXFrameworksBuildPhase section */

/* Begin PBXGroup section */
		09089A082B14DD3600029A82 /* WalletAddress */ = {
			isa = PBXGroup;
			children = (
				0921E4D92B14D16A00EBEA44 /* KeyChainManager.swift */,
				09089A042B14DC4100029A82 /* SecureAddressFacade.swift */,
				09089A062B14DCD000029A82 /* DataError.swift */,
			);
			path = WalletAddress;
			sourceTree = "<group>";
		};
		0921E4D72B14CEB700EBEA44 /* Views */ = {
			isa = PBXGroup;
			children = (
				09ADAA0B2B0296D300107F74 /* HomeView.swift */,
				09CFA82A2B0BF35E00E904A0 /* CoinItem.swift */,
				09CFA82C2B0BF40C00E904A0 /* FermItem.swift */,
				09CFA8302B0BF72D00E904A0 /* RecommendView.swift */,
				092B62072B0E94A4001451C2 /* HomeChart.swift */,
				09CF1F272B1674560077C328 /* RecommendCoin.swift */,
			);
			path = Views;
			sourceTree = "<group>";
		};
		093FCA5F2B23AF30000E8231 /* ViewModels */ = {
			isa = PBXGroup;
			children = (
				09ADAA0D2B0296DC00107F74 /* HomeViewModel.swift */,
			);
			path = ViewModels;
			sourceTree = "<group>";
		};
		099E09C32B3F239400D68840 /* Coordinator */ = {
			isa = PBXGroup;
			children = (
				09ADAA072B02959200107F74 /* StartView.swift */,
				099E09C42B3F23B100D68840 /* Coordinator.swift */,
				099E09C62B3F26C600D68840 /* Page.swift */,
			);
			path = Coordinator;
			sourceTree = "<group>";
		};
		09ADAA062B02953B00107F74 /* Modules */ = {
			isa = PBXGroup;
			children = (
				099E09C32B3F239400D68840 /* Coordinator */,
				09ADAA0A2B0296C700107F74 /* Home */,
			);
			path = Modules;
			sourceTree = "<group>";
		};
		09ADAA092B0295B700107F74 /* Resources */ = {
			isa = PBXGroup;
			children = (
				09EF87622A24D6D000EC9D7A /* Assets.xcassets */,
				09EF87642A24D6D000EC9D7A /* Preview Content */,
			);
			path = Resources;
			sourceTree = "<group>";
		};
		09ADAA0A2B0296C700107F74 /* Home */ = {
			isa = PBXGroup;
			children = (
				093FCA5F2B23AF30000E8231 /* ViewModels */,
				0921E4D72B14CEB700EBEA44 /* Views */,
			);
			path = Home;
			sourceTree = "<group>";
		};
		09CF1F292B167D3D0077C328 /* UI */ = {
			isa = PBXGroup;
			children = (
				09CF1F2A2B167D4E0077C328 /* CardItem.swift */,
				09CF1F2C2B1681530077C328 /* HeaderText.swift */,
				098C3DA12B194F9E004CB16C /* ShimmerEffectBox.swift */,
			);
			path = UI;
			sourceTree = "<group>";
		};
		09EF87522A24D6CC00EC9D7A = {
			isa = PBXGroup;
			children = (
				09EF875D2A24D6CC00EC9D7A /* MineCharts */,
				09EF875C2A24D6CC00EC9D7A /* Products */,
			);
			sourceTree = "<group>";
		};
		09EF875C2A24D6CC00EC9D7A /* Products */ = {
			isa = PBXGroup;
			children = (
				09EF875B2A24D6CC00EC9D7A /* MineCharts.app */,
			);
			name = Products;
			sourceTree = "<group>";
		};
		09EF875D2A24D6CC00EC9D7A /* MineCharts */ = {
			isa = PBXGroup;
			children = (
				09EF87702A24D97200EC9D7A /* Application */,
				09ADAA062B02953B00107F74 /* Modules */,
				09FD228B2B07C20200DFACA6 /* Helpers */,
				09FD22862B07C13900DFACA6 /* Modifiers */,
				09ADAA092B0295B700107F74 /* Resources */,
				09089A082B14DD3600029A82 /* WalletAddress */,
			);
			path = MineCharts;
			sourceTree = "<group>";
		};
		09EF87642A24D6D000EC9D7A /* Preview Content */ = {
			isa = PBXGroup;
			children = (
				09EF87652A24D6D000EC9D7A /* Preview Assets.xcassets */,
			);
			path = "Preview Content";
			sourceTree = "<group>";
		};
		09EF87702A24D97200EC9D7A /* Application */ = {
			isa = PBXGroup;
			children = (
				09EF875E2A24D6CC00EC9D7A /* MineChartsApp.swift */,
			);
			path = Application;
			sourceTree = "<group>";
		};
		09FD22862B07C13900DFACA6 /* Modifiers */ = {
			isa = PBXGroup;
			children = (
				09FD22872B07C16800DFACA6 /* PillTextModifier.swift */,
				09FD22892B07C1E800DFACA6 /* ScaleByTapGestureModifier.swift */,
				09CFA82E2B0BF6FB00E904A0 /* LightBackgroundModifier.swift */,
			);
			path = Modifiers;
			sourceTree = "<group>";
		};
		09FD228B2B07C20200DFACA6 /* Helpers */ = {
			isa = PBXGroup;
			children = (
				09CF1F292B167D3D0077C328 /* UI */,
				09FD228C2B07C21400DFACA6 /* View+Extension.swift */,
				09FD228E2B07C24000DFACA6 /* Color+Extension.swift */,
				092200A62B175C440039F7A4 /* Collection+Extension.swift */,
			);
			path = Helpers;
			sourceTree = "<group>";
		};
/* End PBXGroup section */

/* Begin PBXNativeTarget section */
		09EF875A2A24D6CC00EC9D7A /* MineCharts */ = {
			isa = PBXNativeTarget;
			buildConfigurationList = 09EF87692A24D6D000EC9D7A /* Build configuration list for PBXNativeTarget "MineCharts" */;
			buildPhases = (
				09EF87572A24D6CC00EC9D7A /* Sources */,
				09EF87582A24D6CC00EC9D7A /* Frameworks */,
				09EF87592A24D6CC00EC9D7A /* Resources */,
			);
			buildRules = (
			);
			dependencies = (
			);
			name = MineCharts;
			packageProductDependencies = (
				096178242A7D1815002CA8A6 /* Kingfisher */,
				09F732C12B041500004FA502 /* SafeSFSymbols */,
			);
			productName = MineCharts;
			productReference = 09EF875B2A24D6CC00EC9D7A /* MineCharts.app */;
			productType = "com.apple.product-type.application";
		};
/* End PBXNativeTarget section */

/* Begin PBXProject section */
		09EF87532A24D6CC00EC9D7A /* Project object */ = {
			isa = PBXProject;
			attributes = {
				BuildIndependentTargetsInParallel = 1;
				LastSwiftUpdateCheck = 1420;
				LastUpgradeCheck = 1420;
				TargetAttributes = {
					09EF875A2A24D6CC00EC9D7A = {
						CreatedOnToolsVersion = 14.2;
					};
				};
			};
			buildConfigurationList = 09EF87562A24D6CC00EC9D7A /* Build configuration list for PBXProject "MineCharts" */;
			compatibilityVersion = "Xcode 14.0";
			developmentRegion = en;
			hasScannedForEncodings = 0;
			knownRegions = (
				en,
				Base,
			);
			mainGroup = 09EF87522A24D6CC00EC9D7A;
			packageReferences = (
				096178232A7D1815002CA8A6 /* XCRemoteSwiftPackageReference "Kingfisher" */,
				09F732C02B041500004FA502 /* XCRemoteSwiftPackageReference "SafeSFSymbols" */,
			);
			productRefGroup = 09EF875C2A24D6CC00EC9D7A /* Products */;
			projectDirPath = "";
			projectRoot = "";
			targets = (
				09EF875A2A24D6CC00EC9D7A /* MineCharts */,
			);
		};
/* End PBXProject section */

/* Begin PBXResourcesBuildPhase section */
		09EF87592A24D6CC00EC9D7A /* Resources */ = {
			isa = PBXResourcesBuildPhase;
			buildActionMask = 2147483647;
			files = (
				09EF87662A24D6D000EC9D7A /* Preview Assets.xcassets in Resources */,
				09EF87632A24D6D000EC9D7A /* Assets.xcassets in Resources */,
			);
			runOnlyForDeploymentPostprocessing = 0;
		};
/* End PBXResourcesBuildPhase section */

/* Begin PBXSourcesBuildPhase section */
		09EF87572A24D6CC00EC9D7A /* Sources */ = {
			isa = PBXSourcesBuildPhase;
			buildActionMask = 2147483647;
			files = (
				09089A052B14DC4100029A82 /* SecureAddressFacade.swift in Sources */,
				09FD228A2B07C1E800DFACA6 /* ScaleByTapGestureModifier.swift in Sources */,
				09CFA82F2B0BF6FB00E904A0 /* LightBackgroundModifier.swift in Sources */,
				09ADAA0C2B0296D300107F74 /* HomeView.swift in Sources */,
				09ADAA082B02959200107F74 /* StartView.swift in Sources */,
				098C3DA22B194F9E004CB16C /* ShimmerEffectBox.swift in Sources */,
				099E09C52B3F23B100D68840 /* Coordinator.swift in Sources */,
				092B62082B0E94A4001451C2 /* HomeChart.swift in Sources */,
				0921E4DA2B14D16A00EBEA44 /* KeyChainManager.swift in Sources */,
				09FD22882B07C16800DFACA6 /* PillTextModifier.swift in Sources */,
				09CFA82D2B0BF40C00E904A0 /* FermItem.swift in Sources */,
				092200A72B175C440039F7A4 /* Collection+Extension.swift in Sources */,
				09CF1F282B1674560077C328 /* RecommendCoin.swift in Sources */,
				09EF875F2A24D6CC00EC9D7A /* MineChartsApp.swift in Sources */,
				09CFA8312B0BF72D00E904A0 /* RecommendView.swift in Sources */,
				09CFA82B2B0BF35E00E904A0 /* CoinItem.swift in Sources */,
				09FD228D2B07C21400DFACA6 /* View+Extension.swift in Sources */,
				09CF1F2B2B167D4E0077C328 /* CardItem.swift in Sources */,
				09CF1F2D2B1681530077C328 /* HeaderText.swift in Sources */,
				099E09C72B3F26C600D68840 /* Page.swift in Sources */,
				09ADAA0E2B0296DC00107F74 /* HomeViewModel.swift in Sources */,
				09089A072B14DCD000029A82 /* DataError.swift in Sources */,
				09FD228F2B07C24000DFACA6 /* Color+Extension.swift in Sources */,
			);
			runOnlyForDeploymentPostprocessing = 0;
		};
/* End PBXSourcesBuildPhase section */

/* Begin XCBuildConfiguration section */
		09EF87672A24D6D000EC9D7A /* Debug */ = {
			isa = XCBuildConfiguration;
			buildSettings = {
				ALWAYS_SEARCH_USER_PATHS = NO;
				CLANG_ANALYZER_NONNULL = YES;
				CLANG_ANALYZER_NUMBER_OBJECT_CONVERSION = YES_AGGRESSIVE;
				CLANG_CXX_LANGUAGE_STANDARD = "gnu++20";
				CLANG_ENABLE_MODULES = YES;
				CLANG_ENABLE_OBJC_ARC = YES;
				CLANG_ENABLE_OBJC_WEAK = YES;
				CLANG_WARN_BLOCK_CAPTURE_AUTORELEASING = YES;
				CLANG_WARN_BOOL_CONVERSION = YES;
				CLANG_WARN_COMMA = YES;
				CLANG_WARN_CONSTANT_CONVERSION = YES;
				CLANG_WARN_DEPRECATED_OBJC_IMPLEMENTATIONS = YES;
				CLANG_WARN_DIRECT_OBJC_ISA_USAGE = YES_ERROR;
				CLANG_WARN_DOCUMENTATION_COMMENTS = YES;
				CLANG_WARN_EMPTY_BODY = YES;
				CLANG_WARN_ENUM_CONVERSION = YES;
				CLANG_WARN_INFINITE_RECURSION = YES;
				CLANG_WARN_INT_CONVERSION = YES;
				CLANG_WARN_NON_LITERAL_NULL_CONVERSION = YES;
				CLANG_WARN_OBJC_IMPLICIT_RETAIN_SELF = YES;
				CLANG_WARN_OBJC_LITERAL_CONVERSION = YES;
				CLANG_WARN_OBJC_ROOT_CLASS = YES_ERROR;
				CLANG_WARN_QUOTED_INCLUDE_IN_FRAMEWORK_HEADER = YES;
				CLANG_WARN_RANGE_LOOP_ANALYSIS = YES;
				CLANG_WARN_STRICT_PROTOTYPES = YES;
				CLANG_WARN_SUSPICIOUS_MOVE = YES;
				CLANG_WARN_UNGUARDED_AVAILABILITY = YES_AGGRESSIVE;
				CLANG_WARN_UNREACHABLE_CODE = YES;
				CLANG_WARN__DUPLICATE_METHOD_MATCH = YES;
				COPY_PHASE_STRIP = NO;
				DEBUG_INFORMATION_FORMAT = dwarf;
				ENABLE_STRICT_OBJC_MSGSEND = YES;
				ENABLE_TESTABILITY = YES;
				GCC_C_LANGUAGE_STANDARD = gnu11;
				GCC_DYNAMIC_NO_PIC = NO;
				GCC_NO_COMMON_BLOCKS = YES;
				GCC_OPTIMIZATION_LEVEL = 0;
				GCC_PREPROCESSOR_DEFINITIONS = (
					"DEBUG=1",
					"$(inherited)",
				);
				GCC_WARN_64_TO_32_BIT_CONVERSION = YES;
				GCC_WARN_ABOUT_RETURN_TYPE = YES_ERROR;
				GCC_WARN_UNDECLARED_SELECTOR = YES;
				GCC_WARN_UNINITIALIZED_AUTOS = YES_AGGRESSIVE;
				GCC_WARN_UNUSED_FUNCTION = YES;
				GCC_WARN_UNUSED_VARIABLE = YES;
				IPHONEOS_DEPLOYMENT_TARGET = 16.2;
				MTL_ENABLE_DEBUG_INFO = INCLUDE_SOURCE;
				MTL_FAST_MATH = YES;
				ONLY_ACTIVE_ARCH = YES;
				SDKROOT = iphoneos;
				SWIFT_ACTIVE_COMPILATION_CONDITIONS = DEBUG;
				SWIFT_OPTIMIZATION_LEVEL = "-Onone";
			};
			name = Debug;
		};
		09EF87682A24D6D000EC9D7A /* Release */ = {
			isa = XCBuildConfiguration;
			buildSettings = {
				ALWAYS_SEARCH_USER_PATHS = NO;
				CLANG_ANALYZER_NONNULL = YES;
				CLANG_ANALYZER_NUMBER_OBJECT_CONVERSION = YES_AGGRESSIVE;
				CLANG_CXX_LANGUAGE_STANDARD = "gnu++20";
				CLANG_ENABLE_MODULES = YES;
				CLANG_ENABLE_OBJC_ARC = YES;
				CLANG_ENABLE_OBJC_WEAK = YES;
				CLANG_WARN_BLOCK_CAPTURE_AUTORELEASING = YES;
				CLANG_WARN_BOOL_CONVERSION = YES;
				CLANG_WARN_COMMA = YES;
				CLANG_WARN_CONSTANT_CONVERSION = YES;
				CLANG_WARN_DEPRECATED_OBJC_IMPLEMENTATIONS = YES;
				CLANG_WARN_DIRECT_OBJC_ISA_USAGE = YES_ERROR;
				CLANG_WARN_DOCUMENTATION_COMMENTS = YES;
				CLANG_WARN_EMPTY_BODY = YES;
				CLANG_WARN_ENUM_CONVERSION = YES;
				CLANG_WARN_INFINITE_RECURSION = YES;
				CLANG_WARN_INT_CONVERSION = YES;
				CLANG_WARN_NON_LITERAL_NULL_CONVERSION = YES;
				CLANG_WARN_OBJC_IMPLICIT_RETAIN_SELF = YES;
				CLANG_WARN_OBJC_LITERAL_CONVERSION = YES;
				CLANG_WARN_OBJC_ROOT_CLASS = YES_ERROR;
				CLANG_WARN_QUOTED_INCLUDE_IN_FRAMEWORK_HEADER = YES;
				CLANG_WARN_RANGE_LOOP_ANALYSIS = YES;
				CLANG_WARN_STRICT_PROTOTYPES = YES;
				CLANG_WARN_SUSPICIOUS_MOVE = YES;
				CLANG_WARN_UNGUARDED_AVAILABILITY = YES_AGGRESSIVE;
				CLANG_WARN_UNREACHABLE_CODE = YES;
				CLANG_WARN__DUPLICATE_METHOD_MATCH = YES;
				COPY_PHASE_STRIP = NO;
				DEBUG_INFORMATION_FORMAT = "dwarf-with-dsym";
				ENABLE_NS_ASSERTIONS = NO;
				ENABLE_STRICT_OBJC_MSGSEND = YES;
				GCC_C_LANGUAGE_STANDARD = gnu11;
				GCC_NO_COMMON_BLOCKS = YES;
				GCC_WARN_64_TO_32_BIT_CONVERSION = YES;
				GCC_WARN_ABOUT_RETURN_TYPE = YES_ERROR;
				GCC_WARN_UNDECLARED_SELECTOR = YES;
				GCC_WARN_UNINITIALIZED_AUTOS = YES_AGGRESSIVE;
				GCC_WARN_UNUSED_FUNCTION = YES;
				GCC_WARN_UNUSED_VARIABLE = YES;
				IPHONEOS_DEPLOYMENT_TARGET = 16.2;
				MTL_ENABLE_DEBUG_INFO = NO;
				MTL_FAST_MATH = YES;
				SDKROOT = iphoneos;
				SWIFT_COMPILATION_MODE = wholemodule;
				SWIFT_OPTIMIZATION_LEVEL = "-O";
				VALIDATE_PRODUCT = YES;
			};
			name = Release;
		};
		09EF876A2A24D6D000EC9D7A /* Debug */ = {
			isa = XCBuildConfiguration;
			buildSettings = {
				ASSETCATALOG_COMPILER_APPICON_NAME = AppIcon;
				ASSETCATALOG_COMPILER_GLOBAL_ACCENT_COLOR_NAME = AccentColor;
				CODE_SIGN_STYLE = Automatic;
				CURRENT_PROJECT_VERSION = 1;
				DEVELOPMENT_ASSET_PATHS = "\"MineCharts/Resources/Preview Content\"";
				DEVELOPMENT_TEAM = 2B85PH5M9P;
				ENABLE_PREVIEWS = YES;
				GENERATE_INFOPLIST_FILE = YES;
				INFOPLIST_KEY_UIApplicationSceneManifest_Generation = YES;
				INFOPLIST_KEY_UIApplicationSupportsIndirectInputEvents = YES;
				INFOPLIST_KEY_UILaunchScreen_Generation = YES;
				INFOPLIST_KEY_UISupportedInterfaceOrientations = "UIInterfaceOrientationLandscapeLeft UIInterfaceOrientationLandscapeRight UIInterfaceOrientationPortrait";
				INFOPLIST_KEY_UISupportedInterfaceOrientations_iPad = "UIInterfaceOrientationLandscapeLeft UIInterfaceOrientationLandscapeRight UIInterfaceOrientationPortrait UIInterfaceOrientationPortraitUpsideDown";
				LD_RUNPATH_SEARCH_PATHS = (
					"$(inherited)",
					"@executable_path/Frameworks",
				);
				MARKETING_VERSION = 0.1;
				PRODUCT_BUNDLE_IDENTIFIER = "Yan-Rybkin.MineCharts";
				PRODUCT_NAME = "$(TARGET_NAME)";
				SUPPORTED_PLATFORMS = "iphoneos iphonesimulator";
				SUPPORTS_MACCATALYST = NO;
				SUPPORTS_MAC_DESIGNED_FOR_IPHONE_IPAD = NO;
				SWIFT_EMIT_LOC_STRINGS = YES;
				SWIFT_VERSION = 5.0;
				TARGETED_DEVICE_FAMILY = 1;
			};
			name = Debug;
		};
		09EF876B2A24D6D000EC9D7A /* Release */ = {
			isa = XCBuildConfiguration;
			buildSettings = {
				ASSETCATALOG_COMPILER_APPICON_NAME = AppIcon;
				ASSETCATALOG_COMPILER_GLOBAL_ACCENT_COLOR_NAME = AccentColor;
				CODE_SIGN_STYLE = Automatic;
				CURRENT_PROJECT_VERSION = 1;
				DEVELOPMENT_ASSET_PATHS = "\"MineCharts/Resources/Preview Content\"";
				DEVELOPMENT_TEAM = 2B85PH5M9P;
				ENABLE_PREVIEWS = YES;
				GENERATE_INFOPLIST_FILE = YES;
				INFOPLIST_KEY_UIApplicationSceneManifest_Generation = YES;
				INFOPLIST_KEY_UIApplicationSupportsIndirectInputEvents = YES;
				INFOPLIST_KEY_UILaunchScreen_Generation = YES;
				INFOPLIST_KEY_UISupportedInterfaceOrientations = "UIInterfaceOrientationLandscapeLeft UIInterfaceOrientationLandscapeRight UIInterfaceOrientationPortrait";
				INFOPLIST_KEY_UISupportedInterfaceOrientations_iPad = "UIInterfaceOrientationLandscapeLeft UIInterfaceOrientationLandscapeRight UIInterfaceOrientationPortrait UIInterfaceOrientationPortraitUpsideDown";
				LD_RUNPATH_SEARCH_PATHS = (
					"$(inherited)",
					"@executable_path/Frameworks",
				);
				MARKETING_VERSION = 0.1;
				PRODUCT_BUNDLE_IDENTIFIER = "Yan-Rybkin.MineCharts";
				PRODUCT_NAME = "$(TARGET_NAME)";
				SUPPORTED_PLATFORMS = "iphoneos iphonesimulator";
				SUPPORTS_MACCATALYST = NO;
				SUPPORTS_MAC_DESIGNED_FOR_IPHONE_IPAD = NO;
				SWIFT_EMIT_LOC_STRINGS = YES;
				SWIFT_VERSION = 5.0;
				TARGETED_DEVICE_FAMILY = 1;
			};
			name = Release;
		};
/* End XCBuildConfiguration section */

/* Begin XCConfigurationList section */
		09EF87562A24D6CC00EC9D7A /* Build configuration list for PBXProject "MineCharts" */ = {
			isa = XCConfigurationList;
			buildConfigurations = (
				09EF87672A24D6D000EC9D7A /* Debug */,
				09EF87682A24D6D000EC9D7A /* Release */,
			);
			defaultConfigurationIsVisible = 0;
			defaultConfigurationName = Release;
		};
		09EF87692A24D6D000EC9D7A /* Build configuration list for PBXNativeTarget "MineCharts" */ = {
			isa = XCConfigurationList;
			buildConfigurations = (
				09EF876A2A24D6D000EC9D7A /* Debug */,
				09EF876B2A24D6D000EC9D7A /* Release */,
			);
			defaultConfigurationIsVisible = 0;
			defaultConfigurationName = Release;
		};
/* End XCConfigurationList section */

/* Begin XCRemoteSwiftPackageReference section */
		096178232A7D1815002CA8A6 /* XCRemoteSwiftPackageReference "Kingfisher" */ = {
			isa = XCRemoteSwiftPackageReference;
			repositoryURL = "https://github.com/onevcat/Kingfisher";
			requirement = {
				kind = upToNextMajorVersion;
				minimumVersion = 7.0.0;
			};
		};
		09F732C02B041500004FA502 /* XCRemoteSwiftPackageReference "SafeSFSymbols" */ = {
			isa = XCRemoteSwiftPackageReference;
			repositoryURL = "https://github.com/sparrowcode/SafeSFSymbols";
			requirement = {
				kind = upToNextMajorVersion;
				minimumVersion = 2.0.0;
			};
		};
/* End XCRemoteSwiftPackageReference section */

/* Begin XCSwiftPackageProductDependency section */
		096178242A7D1815002CA8A6 /* Kingfisher */ = {
			isa = XCSwiftPackageProductDependency;
			package = 096178232A7D1815002CA8A6 /* XCRemoteSwiftPackageReference "Kingfisher" */;
			productName = Kingfisher;
		};
		09F732C12B041500004FA502 /* SafeSFSymbols */ = {
			isa = XCSwiftPackageProductDependency;
			package = 09F732C02B041500004FA502 /* XCRemoteSwiftPackageReference "SafeSFSymbols" */;
			productName = SafeSFSymbols;
		};
/* End XCSwiftPackageProductDependency section */
	};
	rootObject = 09EF87532A24D6CC00EC9D7A /* Project object */;
}
