// !$*UTF8*$!
{
	archiveVersion = 1;
	classes = {
	};
	objectVersion = 56;
	objects = {

/* Begin PBXBuildFile section */
		0909CC932A320D1D0005A4AB /* ChartsInfoCell.swift in Sources */ = {isa = PBXBuildFile; fileRef = 0909CC922A320D1D0005A4AB /* ChartsInfoCell.swift */; };
		0909CC952A321CC10005A4AB /* ChartsRateView.swift in Sources */ = {isa = PBXBuildFile; fileRef = 0909CC942A321CC10005A4AB /* ChartsRateView.swift */; };
		0939324C2A25F7A600F813A2 /* PoolView.swift in Sources */ = {isa = PBXBuildFile; fileRef = 0939324B2A25F7A600F813A2 /* PoolView.swift */; };
		0939324E2A25F7BA00F813A2 /* PoolViewModel.swift in Sources */ = {isa = PBXBuildFile; fileRef = 0939324D2A25F7BA00F813A2 /* PoolViewModel.swift */; };
		093932502A25F7C300F813A2 /* PoolModel.swift in Sources */ = {isa = PBXBuildFile; fileRef = 0939324F2A25F7C300F813A2 /* PoolModel.swift */; };
		093932532A26619B00F813A2 /* ChartsView.swift in Sources */ = {isa = PBXBuildFile; fileRef = 093932522A26619B00F813A2 /* ChartsView.swift */; };
		093932552A2661D700F813A2 /* ChartsViewModel.swift in Sources */ = {isa = PBXBuildFile; fileRef = 093932542A2661D700F813A2 /* ChartsViewModel.swift */; };
		094A43732A2901DE00E566F8 /* ChartsGridCell.swift in Sources */ = {isa = PBXBuildFile; fileRef = 094A43722A2901DE00E566F8 /* ChartsGridCell.swift */; };
		097A804B2A3323B300B5CF3A /* ChartsStatsCell.swift in Sources */ = {isa = PBXBuildFile; fileRef = 097A804A2A3323B300B5CF3A /* ChartsStatsCell.swift */; };
		097A804E2A332AE800B5CF3A /* NewsView.swift in Sources */ = {isa = PBXBuildFile; fileRef = 097A804D2A332AE700B5CF3A /* NewsView.swift */; };
		097A80502A332AF400B5CF3A /* NewsViewModel.swift in Sources */ = {isa = PBXBuildFile; fileRef = 097A804F2A332AF400B5CF3A /* NewsViewModel.swift */; };
		097A80522A332AFE00B5CF3A /* NewsModel.swift in Sources */ = {isa = PBXBuildFile; fileRef = 097A80512A332AFE00B5CF3A /* NewsModel.swift */; };
		097A80542A332B0A00B5CF3A /* NewsService.swift in Sources */ = {isa = PBXBuildFile; fileRef = 097A80532A332B0A00B5CF3A /* NewsService.swift */; };
		097E57CB2A31D956009F4CB4 /* ChartsMiningService.swift in Sources */ = {isa = PBXBuildFile; fileRef = 097E57CA2A31D956009F4CB4 /* ChartsMiningService.swift */; };
		097E57CD2A31DEFA009F4CB4 /* Date+Extension.swift in Sources */ = {isa = PBXBuildFile; fileRef = 097E57CC2A31DEFA009F4CB4 /* Date+Extension.swift */; };
		09AAE0302A3489540026535A /* NotificationHandler.swift in Sources */ = {isa = PBXBuildFile; fileRef = 09AAE02F2A3489540026535A /* NotificationHandler.swift */; };
		09E7E6DA2A28F647003F3B0D /* ChartsHashView.swift in Sources */ = {isa = PBXBuildFile; fileRef = 09E7E6D92A28F647003F3B0D /* ChartsHashView.swift */; };
		09EF875F2A24D6CC00EC9D7A /* MineChartsApp.swift in Sources */ = {isa = PBXBuildFile; fileRef = 09EF875E2A24D6CC00EC9D7A /* MineChartsApp.swift */; };
		09EF87632A24D6D000EC9D7A /* Assets.xcassets in Resources */ = {isa = PBXBuildFile; fileRef = 09EF87622A24D6D000EC9D7A /* Assets.xcassets */; };
		09EF87662A24D6D000EC9D7A /* Preview Assets.xcassets in Resources */ = {isa = PBXBuildFile; fileRef = 09EF87652A24D6D000EC9D7A /* Preview Assets.xcassets */; };
		09EF87752A24DA7A00EC9D7A /* LoginModel.swift in Sources */ = {isa = PBXBuildFile; fileRef = 09EF87742A24DA7A00EC9D7A /* LoginModel.swift */; };
		09EF87772A24DA8400EC9D7A /* LoginViewModel.swift in Sources */ = {isa = PBXBuildFile; fileRef = 09EF87762A24DA8400EC9D7A /* LoginViewModel.swift */; };
		09EF877B2A24DB3F00EC9D7A /* LoginView.swift in Sources */ = {isa = PBXBuildFile; fileRef = 09EF877A2A24DB3F00EC9D7A /* LoginView.swift */; };
		09EF87982A2500C300EC9D7A /* Color+Extension.swift in Sources */ = {isa = PBXBuildFile; fileRef = 09EF87972A2500C300EC9D7A /* Color+Extension.swift */; };
		09F879B12A28BA3100E7545F /* Alamofire in Frameworks */ = {isa = PBXBuildFile; productRef = 09F879B02A28BA3100E7545F /* Alamofire */; };
		09F879B32A28BF7200E7545F /* ChartsModel.swift in Sources */ = {isa = PBXBuildFile; fileRef = 09F879B22A28BF7200E7545F /* ChartsModel.swift */; };
		09F879B52A28DAFA00E7545F /* Double+Extension.swift in Sources */ = {isa = PBXBuildFile; fileRef = 09F879B42A28DAFA00E7545F /* Double+Extension.swift */; };
		09FF449A2A2513E8002CBA8C /* APIService.swift in Sources */ = {isa = PBXBuildFile; fileRef = 09FF44992A2513E8002CBA8C /* APIService.swift */; };
		09FF44A02A2522F4002CBA8C /* LoginInfoView.swift in Sources */ = {isa = PBXBuildFile; fileRef = 09FF449F2A2522F4002CBA8C /* LoginInfoView.swift */; };
/* End PBXBuildFile section */

/* Begin PBXFileReference section */
		0909CC922A320D1D0005A4AB /* ChartsInfoCell.swift */ = {isa = PBXFileReference; lastKnownFileType = sourcecode.swift; path = ChartsInfoCell.swift; sourceTree = "<group>"; };
		0909CC942A321CC10005A4AB /* ChartsRateView.swift */ = {isa = PBXFileReference; lastKnownFileType = sourcecode.swift; path = ChartsRateView.swift; sourceTree = "<group>"; };
		0939324B2A25F7A600F813A2 /* PoolView.swift */ = {isa = PBXFileReference; lastKnownFileType = sourcecode.swift; path = PoolView.swift; sourceTree = "<group>"; };
		0939324D2A25F7BA00F813A2 /* PoolViewModel.swift */ = {isa = PBXFileReference; lastKnownFileType = sourcecode.swift; path = PoolViewModel.swift; sourceTree = "<group>"; };
		0939324F2A25F7C300F813A2 /* PoolModel.swift */ = {isa = PBXFileReference; lastKnownFileType = sourcecode.swift; path = PoolModel.swift; sourceTree = "<group>"; };
		093932522A26619B00F813A2 /* ChartsView.swift */ = {isa = PBXFileReference; lastKnownFileType = sourcecode.swift; path = ChartsView.swift; sourceTree = "<group>"; };
		093932542A2661D700F813A2 /* ChartsViewModel.swift */ = {isa = PBXFileReference; lastKnownFileType = sourcecode.swift; path = ChartsViewModel.swift; sourceTree = "<group>"; };
		094A43722A2901DE00E566F8 /* ChartsGridCell.swift */ = {isa = PBXFileReference; lastKnownFileType = sourcecode.swift; path = ChartsGridCell.swift; sourceTree = "<group>"; };
		097A804A2A3323B300B5CF3A /* ChartsStatsCell.swift */ = {isa = PBXFileReference; lastKnownFileType = sourcecode.swift; path = ChartsStatsCell.swift; sourceTree = "<group>"; };
		097A804D2A332AE700B5CF3A /* NewsView.swift */ = {isa = PBXFileReference; lastKnownFileType = sourcecode.swift; path = NewsView.swift; sourceTree = "<group>"; };
		097A804F2A332AF400B5CF3A /* NewsViewModel.swift */ = {isa = PBXFileReference; lastKnownFileType = sourcecode.swift; path = NewsViewModel.swift; sourceTree = "<group>"; };
		097A80512A332AFE00B5CF3A /* NewsModel.swift */ = {isa = PBXFileReference; lastKnownFileType = sourcecode.swift; path = NewsModel.swift; sourceTree = "<group>"; };
		097A80532A332B0A00B5CF3A /* NewsService.swift */ = {isa = PBXFileReference; lastKnownFileType = sourcecode.swift; path = NewsService.swift; sourceTree = "<group>"; };
		097E57CA2A31D956009F4CB4 /* ChartsMiningService.swift */ = {isa = PBXFileReference; lastKnownFileType = sourcecode.swift; path = ChartsMiningService.swift; sourceTree = "<group>"; };
		097E57CC2A31DEFA009F4CB4 /* Date+Extension.swift */ = {isa = PBXFileReference; lastKnownFileType = sourcecode.swift; path = "Date+Extension.swift"; sourceTree = "<group>"; };
		09AAE02F2A3489540026535A /* NotificationHandler.swift */ = {isa = PBXFileReference; lastKnownFileType = sourcecode.swift; path = NotificationHandler.swift; sourceTree = "<group>"; };
		09E7E6D92A28F647003F3B0D /* ChartsHashView.swift */ = {isa = PBXFileReference; lastKnownFileType = sourcecode.swift; path = ChartsHashView.swift; sourceTree = "<group>"; };
		09EF875B2A24D6CC00EC9D7A /* MineCharts.app */ = {isa = PBXFileReference; explicitFileType = wrapper.application; includeInIndex = 0; path = MineCharts.app; sourceTree = BUILT_PRODUCTS_DIR; };
		09EF875E2A24D6CC00EC9D7A /* MineChartsApp.swift */ = {isa = PBXFileReference; lastKnownFileType = sourcecode.swift; path = MineChartsApp.swift; sourceTree = "<group>"; };
		09EF87622A24D6D000EC9D7A /* Assets.xcassets */ = {isa = PBXFileReference; lastKnownFileType = folder.assetcatalog; path = Assets.xcassets; sourceTree = "<group>"; };
		09EF87652A24D6D000EC9D7A /* Preview Assets.xcassets */ = {isa = PBXFileReference; lastKnownFileType = folder.assetcatalog; path = "Preview Assets.xcassets"; sourceTree = "<group>"; };
		09EF87742A24DA7A00EC9D7A /* LoginModel.swift */ = {isa = PBXFileReference; lastKnownFileType = sourcecode.swift; path = LoginModel.swift; sourceTree = "<group>"; };
		09EF87762A24DA8400EC9D7A /* LoginViewModel.swift */ = {isa = PBXFileReference; lastKnownFileType = sourcecode.swift; path = LoginViewModel.swift; sourceTree = "<group>"; };
		09EF877A2A24DB3F00EC9D7A /* LoginView.swift */ = {isa = PBXFileReference; lastKnownFileType = sourcecode.swift; path = LoginView.swift; sourceTree = "<group>"; };
		09EF87972A2500C300EC9D7A /* Color+Extension.swift */ = {isa = PBXFileReference; lastKnownFileType = sourcecode.swift; path = "Color+Extension.swift"; sourceTree = "<group>"; };
		09F879B22A28BF7200E7545F /* ChartsModel.swift */ = {isa = PBXFileReference; lastKnownFileType = sourcecode.swift; path = ChartsModel.swift; sourceTree = "<group>"; };
		09F879B42A28DAFA00E7545F /* Double+Extension.swift */ = {isa = PBXFileReference; lastKnownFileType = sourcecode.swift; path = "Double+Extension.swift"; sourceTree = "<group>"; };
		09FF44992A2513E8002CBA8C /* APIService.swift */ = {isa = PBXFileReference; lastKnownFileType = sourcecode.swift; path = APIService.swift; sourceTree = "<group>"; };
		09FF449F2A2522F4002CBA8C /* LoginInfoView.swift */ = {isa = PBXFileReference; lastKnownFileType = sourcecode.swift; path = LoginInfoView.swift; sourceTree = "<group>"; };
/* End PBXFileReference section */

/* Begin PBXFrameworksBuildPhase section */
		09EF87582A24D6CC00EC9D7A /* Frameworks */ = {
			isa = PBXFrameworksBuildPhase;
			buildActionMask = 2147483647;
			files = (
				09F879B12A28BA3100E7545F /* Alamofire in Frameworks */,
			);
			runOnlyForDeploymentPostprocessing = 0;
		};
/* End PBXFrameworksBuildPhase section */

/* Begin PBXGroup section */
		093932512A26617900F813A2 /* ChartsModule */ = {
			isa = PBXGroup;
			children = (
				093932562A2662CA00F813A2 /* Subviews */,
				093932522A26619B00F813A2 /* ChartsView.swift */,
				093932542A2661D700F813A2 /* ChartsViewModel.swift */,
				09F879B22A28BF7200E7545F /* ChartsModel.swift */,
				097E57CA2A31D956009F4CB4 /* ChartsMiningService.swift */,
			);
			path = ChartsModule;
			sourceTree = "<group>";
		};
		093932562A2662CA00F813A2 /* Subviews */ = {
			isa = PBXGroup;
			children = (
				09E7E6D92A28F647003F3B0D /* ChartsHashView.swift */,
				094A43722A2901DE00E566F8 /* ChartsGridCell.swift */,
				0909CC922A320D1D0005A4AB /* ChartsInfoCell.swift */,
				0909CC942A321CC10005A4AB /* ChartsRateView.swift */,
				097A804A2A3323B300B5CF3A /* ChartsStatsCell.swift */,
			);
			path = Subviews;
			sourceTree = "<group>";
		};
		097A804C2A332AD400B5CF3A /* NewsModule */ = {
			isa = PBXGroup;
			children = (
				097A804D2A332AE700B5CF3A /* NewsView.swift */,
				097A804F2A332AF400B5CF3A /* NewsViewModel.swift */,
				097A80512A332AFE00B5CF3A /* NewsModel.swift */,
				097A80532A332B0A00B5CF3A /* NewsService.swift */,
			);
			path = NewsModule;
			sourceTree = "<group>";
		};
		09EF87522A24D6CC00EC9D7A = {
			isa = PBXGroup;
			children = (
				09EF875D2A24D6CC00EC9D7A /* MineCharts */,
				09EF875C2A24D6CC00EC9D7A /* Products */,
			);
			sourceTree = "<group>";
		};
		09EF875C2A24D6CC00EC9D7A /* Products */ = {
			isa = PBXGroup;
			children = (
				09EF875B2A24D6CC00EC9D7A /* MineCharts.app */,
			);
			name = Products;
			sourceTree = "<group>";
		};
		09EF875D2A24D6CC00EC9D7A /* MineCharts */ = {
			isa = PBXGroup;
			children = (
				09EF87702A24D97200EC9D7A /* Application */,
				09FF44982A2513D3002CBA8C /* APIService */,
				097A804C2A332AD400B5CF3A /* NewsModule */,
				093932512A26617900F813A2 /* ChartsModule */,
				09EF87732A24DA2A00EC9D7A /* PoolModule */,
				09EF87722A24DA1F00EC9D7A /* LoginModule */,
				09EF87622A24D6D000EC9D7A /* Assets.xcassets */,
				09EF87642A24D6D000EC9D7A /* Preview Content */,
				09EF87962A2500AE00EC9D7A /* Helpers */,
			);
			path = MineCharts;
			sourceTree = "<group>";
		};
		09EF87642A24D6D000EC9D7A /* Preview Content */ = {
			isa = PBXGroup;
			children = (
				09EF87652A24D6D000EC9D7A /* Preview Assets.xcassets */,
			);
			path = "Preview Content";
			sourceTree = "<group>";
		};
		09EF87702A24D97200EC9D7A /* Application */ = {
			isa = PBXGroup;
			children = (
				09EF875E2A24D6CC00EC9D7A /* MineChartsApp.swift */,
				09AAE02F2A3489540026535A /* NotificationHandler.swift */,
			);
			path = Application;
			sourceTree = "<group>";
		};
		09EF87722A24DA1F00EC9D7A /* LoginModule */ = {
			isa = PBXGroup;
			children = (
				09FF449E2A2522D8002CBA8C /* Subviews */,
				09EF877A2A24DB3F00EC9D7A /* LoginView.swift */,
				09EF87762A24DA8400EC9D7A /* LoginViewModel.swift */,
				09EF87742A24DA7A00EC9D7A /* LoginModel.swift */,
			);
			path = LoginModule;
			sourceTree = "<group>";
		};
		09EF87732A24DA2A00EC9D7A /* PoolModule */ = {
			isa = PBXGroup;
			children = (
				0939324B2A25F7A600F813A2 /* PoolView.swift */,
				0939324D2A25F7BA00F813A2 /* PoolViewModel.swift */,
				0939324F2A25F7C300F813A2 /* PoolModel.swift */,
			);
			path = PoolModule;
			sourceTree = "<group>";
		};
		09EF87962A2500AE00EC9D7A /* Helpers */ = {
			isa = PBXGroup;
			children = (
				09EF87972A2500C300EC9D7A /* Color+Extension.swift */,
				09F879B42A28DAFA00E7545F /* Double+Extension.swift */,
				097E57CC2A31DEFA009F4CB4 /* Date+Extension.swift */,
			);
			path = Helpers;
			sourceTree = "<group>";
		};
		09FF44982A2513D3002CBA8C /* APIService */ = {
			isa = PBXGroup;
			children = (
				09FF44992A2513E8002CBA8C /* APIService.swift */,
			);
			path = APIService;
			sourceTree = "<group>";
		};
		09FF449E2A2522D8002CBA8C /* Subviews */ = {
			isa = PBXGroup;
			children = (
				09FF449F2A2522F4002CBA8C /* LoginInfoView.swift */,
			);
			path = Subviews;
			sourceTree = "<group>";
		};
/* End PBXGroup section */

/* Begin PBXNativeTarget section */
		09EF875A2A24D6CC00EC9D7A /* MineCharts */ = {
			isa = PBXNativeTarget;
			buildConfigurationList = 09EF87692A24D6D000EC9D7A /* Build configuration list for PBXNativeTarget "MineCharts" */;
			buildPhases = (
				09EF87572A24D6CC00EC9D7A /* Sources */,
				09EF87582A24D6CC00EC9D7A /* Frameworks */,
				09EF87592A24D6CC00EC9D7A /* Resources */,
			);
			buildRules = (
			);
			dependencies = (
			);
			name = MineCharts;
			packageProductDependencies = (
				09F879B02A28BA3100E7545F /* Alamofire */,
			);
			productName = MineCharts;
			productReference = 09EF875B2A24D6CC00EC9D7A /* MineCharts.app */;
			productType = "com.apple.product-type.application";
		};
/* End PBXNativeTarget section */

/* Begin PBXProject section */
		09EF87532A24D6CC00EC9D7A /* Project object */ = {
			isa = PBXProject;
			attributes = {
				BuildIndependentTargetsInParallel = 1;
				LastSwiftUpdateCheck = 1420;
				LastUpgradeCheck = 1420;
				TargetAttributes = {
					09EF875A2A24D6CC00EC9D7A = {
						CreatedOnToolsVersion = 14.2;
					};
				};
			};
			buildConfigurationList = 09EF87562A24D6CC00EC9D7A /* Build configuration list for PBXProject "MineCharts" */;
			compatibilityVersion = "Xcode 14.0";
			developmentRegion = en;
			hasScannedForEncodings = 0;
			knownRegions = (
				en,
				Base,
			);
			mainGroup = 09EF87522A24D6CC00EC9D7A;
			packageReferences = (
				09F879AF2A28BA3100E7545F /* XCRemoteSwiftPackageReference "Alamofire" */,
			);
			productRefGroup = 09EF875C2A24D6CC00EC9D7A /* Products */;
			projectDirPath = "";
			projectRoot = "";
			targets = (
				09EF875A2A24D6CC00EC9D7A /* MineCharts */,
			);
		};
/* End PBXProject section */

/* Begin PBXResourcesBuildPhase section */
		09EF87592A24D6CC00EC9D7A /* Resources */ = {
			isa = PBXResourcesBuildPhase;
			buildActionMask = 2147483647;
			files = (
				09EF87662A24D6D000EC9D7A /* Preview Assets.xcassets in Resources */,
				09EF87632A24D6D000EC9D7A /* Assets.xcassets in Resources */,
			);
			runOnlyForDeploymentPostprocessing = 0;
		};
/* End PBXResourcesBuildPhase section */

/* Begin PBXSourcesBuildPhase section */
		09EF87572A24D6CC00EC9D7A /* Sources */ = {
			isa = PBXSourcesBuildPhase;
			buildActionMask = 2147483647;
			files = (
				097A80522A332AFE00B5CF3A /* NewsModel.swift in Sources */,
				097A804B2A3323B300B5CF3A /* ChartsStatsCell.swift in Sources */,
				097A804E2A332AE800B5CF3A /* NewsView.swift in Sources */,
				09EF87772A24DA8400EC9D7A /* LoginViewModel.swift in Sources */,
				093932552A2661D700F813A2 /* ChartsViewModel.swift in Sources */,
				09E7E6DA2A28F647003F3B0D /* ChartsHashView.swift in Sources */,
				0909CC952A321CC10005A4AB /* ChartsRateView.swift in Sources */,
				0939324C2A25F7A600F813A2 /* PoolView.swift in Sources */,
				09EF87982A2500C300EC9D7A /* Color+Extension.swift in Sources */,
				094A43732A2901DE00E566F8 /* ChartsGridCell.swift in Sources */,
				09FF44A02A2522F4002CBA8C /* LoginInfoView.swift in Sources */,
				09EF87752A24DA7A00EC9D7A /* LoginModel.swift in Sources */,
				09EF877B2A24DB3F00EC9D7A /* LoginView.swift in Sources */,
				0909CC932A320D1D0005A4AB /* ChartsInfoCell.swift in Sources */,
				09F879B52A28DAFA00E7545F /* Double+Extension.swift in Sources */,
				097A80542A332B0A00B5CF3A /* NewsService.swift in Sources */,
				09F879B32A28BF7200E7545F /* ChartsModel.swift in Sources */,
				097A80502A332AF400B5CF3A /* NewsViewModel.swift in Sources */,
				09FF449A2A2513E8002CBA8C /* APIService.swift in Sources */,
				09EF875F2A24D6CC00EC9D7A /* MineChartsApp.swift in Sources */,
				093932502A25F7C300F813A2 /* PoolModel.swift in Sources */,
				0939324E2A25F7BA00F813A2 /* PoolViewModel.swift in Sources */,
				097E57CB2A31D956009F4CB4 /* ChartsMiningService.swift in Sources */,
				093932532A26619B00F813A2 /* ChartsView.swift in Sources */,
				097E57CD2A31DEFA009F4CB4 /* Date+Extension.swift in Sources */,
				09AAE0302A3489540026535A /* NotificationHandler.swift in Sources */,
			);
			runOnlyForDeploymentPostprocessing = 0;
		};
/* End PBXSourcesBuildPhase section */

/* Begin XCBuildConfiguration section */
		09EF87672A24D6D000EC9D7A /* Debug */ = {
			isa = XCBuildConfiguration;
			buildSettings = {
				ALWAYS_SEARCH_USER_PATHS = NO;
				CLANG_ANALYZER_NONNULL = YES;
				CLANG_ANALYZER_NUMBER_OBJECT_CONVERSION = YES_AGGRESSIVE;
				CLANG_CXX_LANGUAGE_STANDARD = "gnu++20";
				CLANG_ENABLE_MODULES = YES;
				CLANG_ENABLE_OBJC_ARC = YES;
				CLANG_ENABLE_OBJC_WEAK = YES;
				CLANG_WARN_BLOCK_CAPTURE_AUTORELEASING = YES;
				CLANG_WARN_BOOL_CONVERSION = YES;
				CLANG_WARN_COMMA = YES;
				CLANG_WARN_CONSTANT_CONVERSION = YES;
				CLANG_WARN_DEPRECATED_OBJC_IMPLEMENTATIONS = YES;
				CLANG_WARN_DIRECT_OBJC_ISA_USAGE = YES_ERROR;
				CLANG_WARN_DOCUMENTATION_COMMENTS = YES;
				CLANG_WARN_EMPTY_BODY = YES;
				CLANG_WARN_ENUM_CONVERSION = YES;
				CLANG_WARN_INFINITE_RECURSION = YES;
				CLANG_WARN_INT_CONVERSION = YES;
				CLANG_WARN_NON_LITERAL_NULL_CONVERSION = YES;
				CLANG_WARN_OBJC_IMPLICIT_RETAIN_SELF = YES;
				CLANG_WARN_OBJC_LITERAL_CONVERSION = YES;
				CLANG_WARN_OBJC_ROOT_CLASS = YES_ERROR;
				CLANG_WARN_QUOTED_INCLUDE_IN_FRAMEWORK_HEADER = YES;
				CLANG_WARN_RANGE_LOOP_ANALYSIS = YES;
				CLANG_WARN_STRICT_PROTOTYPES = YES;
				CLANG_WARN_SUSPICIOUS_MOVE = YES;
				CLANG_WARN_UNGUARDED_AVAILABILITY = YES_AGGRESSIVE;
				CLANG_WARN_UNREACHABLE_CODE = YES;
				CLANG_WARN__DUPLICATE_METHOD_MATCH = YES;
				COPY_PHASE_STRIP = NO;
				DEBUG_INFORMATION_FORMAT = dwarf;
				ENABLE_STRICT_OBJC_MSGSEND = YES;
				ENABLE_TESTABILITY = YES;
				GCC_C_LANGUAGE_STANDARD = gnu11;
				GCC_DYNAMIC_NO_PIC = NO;
				GCC_NO_COMMON_BLOCKS = YES;
				GCC_OPTIMIZATION_LEVEL = 0;
				GCC_PREPROCESSOR_DEFINITIONS = (
					"DEBUG=1",
					"$(inherited)",
				);
				GCC_WARN_64_TO_32_BIT_CONVERSION = YES;
				GCC_WARN_ABOUT_RETURN_TYPE = YES_ERROR;
				GCC_WARN_UNDECLARED_SELECTOR = YES;
				GCC_WARN_UNINITIALIZED_AUTOS = YES_AGGRESSIVE;
				GCC_WARN_UNUSED_FUNCTION = YES;
				GCC_WARN_UNUSED_VARIABLE = YES;
				IPHONEOS_DEPLOYMENT_TARGET = 16.2;
				MTL_ENABLE_DEBUG_INFO = INCLUDE_SOURCE;
				MTL_FAST_MATH = YES;
				ONLY_ACTIVE_ARCH = YES;
				SDKROOT = iphoneos;
				SWIFT_ACTIVE_COMPILATION_CONDITIONS = DEBUG;
				SWIFT_OPTIMIZATION_LEVEL = "-Onone";
			};
			name = Debug;
		};
		09EF87682A24D6D000EC9D7A /* Release */ = {
			isa = XCBuildConfiguration;
			buildSettings = {
				ALWAYS_SEARCH_USER_PATHS = NO;
				CLANG_ANALYZER_NONNULL = YES;
				CLANG_ANALYZER_NUMBER_OBJECT_CONVERSION = YES_AGGRESSIVE;
				CLANG_CXX_LANGUAGE_STANDARD = "gnu++20";
				CLANG_ENABLE_MODULES = YES;
				CLANG_ENABLE_OBJC_ARC = YES;
				CLANG_ENABLE_OBJC_WEAK = YES;
				CLANG_WARN_BLOCK_CAPTURE_AUTORELEASING = YES;
				CLANG_WARN_BOOL_CONVERSION = YES;
				CLANG_WARN_COMMA = YES;
				CLANG_WARN_CONSTANT_CONVERSION = YES;
				CLANG_WARN_DEPRECATED_OBJC_IMPLEMENTATIONS = YES;
				CLANG_WARN_DIRECT_OBJC_ISA_USAGE = YES_ERROR;
				CLANG_WARN_DOCUMENTATION_COMMENTS = YES;
				CLANG_WARN_EMPTY_BODY = YES;
				CLANG_WARN_ENUM_CONVERSION = YES;
				CLANG_WARN_INFINITE_RECURSION = YES;
				CLANG_WARN_INT_CONVERSION = YES;
				CLANG_WARN_NON_LITERAL_NULL_CONVERSION = YES;
				CLANG_WARN_OBJC_IMPLICIT_RETAIN_SELF = YES;
				CLANG_WARN_OBJC_LITERAL_CONVERSION = YES;
				CLANG_WARN_OBJC_ROOT_CLASS = YES_ERROR;
				CLANG_WARN_QUOTED_INCLUDE_IN_FRAMEWORK_HEADER = YES;
				CLANG_WARN_RANGE_LOOP_ANALYSIS = YES;
				CLANG_WARN_STRICT_PROTOTYPES = YES;
				CLANG_WARN_SUSPICIOUS_MOVE = YES;
				CLANG_WARN_UNGUARDED_AVAILABILITY = YES_AGGRESSIVE;
				CLANG_WARN_UNREACHABLE_CODE = YES;
				CLANG_WARN__DUPLICATE_METHOD_MATCH = YES;
				COPY_PHASE_STRIP = NO;
				DEBUG_INFORMATION_FORMAT = "dwarf-with-dsym";
				ENABLE_NS_ASSERTIONS = NO;
				ENABLE_STRICT_OBJC_MSGSEND = YES;
				GCC_C_LANGUAGE_STANDARD = gnu11;
				GCC_NO_COMMON_BLOCKS = YES;
				GCC_WARN_64_TO_32_BIT_CONVERSION = YES;
				GCC_WARN_ABOUT_RETURN_TYPE = YES_ERROR;
				GCC_WARN_UNDECLARED_SELECTOR = YES;
				GCC_WARN_UNINITIALIZED_AUTOS = YES_AGGRESSIVE;
				GCC_WARN_UNUSED_FUNCTION = YES;
				GCC_WARN_UNUSED_VARIABLE = YES;
				IPHONEOS_DEPLOYMENT_TARGET = 16.2;
				MTL_ENABLE_DEBUG_INFO = NO;
				MTL_FAST_MATH = YES;
				SDKROOT = iphoneos;
				SWIFT_COMPILATION_MODE = wholemodule;
				SWIFT_OPTIMIZATION_LEVEL = "-O";
				VALIDATE_PRODUCT = YES;
			};
			name = Release;
		};
		09EF876A2A24D6D000EC9D7A /* Debug */ = {
			isa = XCBuildConfiguration;
			buildSettings = {
				ASSETCATALOG_COMPILER_APPICON_NAME = AppIcon;
				ASSETCATALOG_COMPILER_GLOBAL_ACCENT_COLOR_NAME = AccentColor;
				CODE_SIGN_STYLE = Automatic;
				CURRENT_PROJECT_VERSION = 1;
				DEVELOPMENT_ASSET_PATHS = "\"MineCharts/Preview Content\"";
				DEVELOPMENT_TEAM = 2B85PH5M9P;
				ENABLE_PREVIEWS = YES;
				GENERATE_INFOPLIST_FILE = YES;
				INFOPLIST_KEY_UIApplicationSceneManifest_Generation = YES;
				INFOPLIST_KEY_UIApplicationSupportsIndirectInputEvents = YES;
				INFOPLIST_KEY_UILaunchScreen_Generation = YES;
				INFOPLIST_KEY_UISupportedInterfaceOrientations = "UIInterfaceOrientationLandscapeLeft UIInterfaceOrientationLandscapeRight UIInterfaceOrientationPortrait";
				INFOPLIST_KEY_UISupportedInterfaceOrientations_iPad = "UIInterfaceOrientationLandscapeLeft UIInterfaceOrientationLandscapeRight UIInterfaceOrientationPortrait UIInterfaceOrientationPortraitUpsideDown";
				LD_RUNPATH_SEARCH_PATHS = (
					"$(inherited)",
					"@executable_path/Frameworks",
				);
				MARKETING_VERSION = 0.1;
				PRODUCT_BUNDLE_IDENTIFIER = "Yan-Rybkin.MineCharts";
				PRODUCT_NAME = "$(TARGET_NAME)";
				SUPPORTED_PLATFORMS = "iphoneos iphonesimulator";
				SUPPORTS_MACCATALYST = NO;
				SUPPORTS_MAC_DESIGNED_FOR_IPHONE_IPAD = NO;
				SWIFT_EMIT_LOC_STRINGS = YES;
				SWIFT_VERSION = 5.0;
				TARGETED_DEVICE_FAMILY = 1;
			};
			name = Debug;
		};
		09EF876B2A24D6D000EC9D7A /* Release */ = {
			isa = XCBuildConfiguration;
			buildSettings = {
				ASSETCATALOG_COMPILER_APPICON_NAME = AppIcon;
				ASSETCATALOG_COMPILER_GLOBAL_ACCENT_COLOR_NAME = AccentColor;
				CODE_SIGN_STYLE = Automatic;
				CURRENT_PROJECT_VERSION = 1;
				DEVELOPMENT_ASSET_PATHS = "\"MineCharts/Preview Content\"";
				DEVELOPMENT_TEAM = 2B85PH5M9P;
				ENABLE_PREVIEWS = YES;
				GENERATE_INFOPLIST_FILE = YES;
				INFOPLIST_KEY_UIApplicationSceneManifest_Generation = YES;
				INFOPLIST_KEY_UIApplicationSupportsIndirectInputEvents = YES;
				INFOPLIST_KEY_UILaunchScreen_Generation = YES;
				INFOPLIST_KEY_UISupportedInterfaceOrientations = "UIInterfaceOrientationLandscapeLeft UIInterfaceOrientationLandscapeRight UIInterfaceOrientationPortrait";
				INFOPLIST_KEY_UISupportedInterfaceOrientations_iPad = "UIInterfaceOrientationLandscapeLeft UIInterfaceOrientationLandscapeRight UIInterfaceOrientationPortrait UIInterfaceOrientationPortraitUpsideDown";
				LD_RUNPATH_SEARCH_PATHS = (
					"$(inherited)",
					"@executable_path/Frameworks",
				);
				MARKETING_VERSION = 0.1;
				PRODUCT_BUNDLE_IDENTIFIER = "Yan-Rybkin.MineCharts";
				PRODUCT_NAME = "$(TARGET_NAME)";
				SUPPORTED_PLATFORMS = "iphoneos iphonesimulator";
				SUPPORTS_MACCATALYST = NO;
				SUPPORTS_MAC_DESIGNED_FOR_IPHONE_IPAD = NO;
				SWIFT_EMIT_LOC_STRINGS = YES;
				SWIFT_VERSION = 5.0;
				TARGETED_DEVICE_FAMILY = 1;
			};
			name = Release;
		};
/* End XCBuildConfiguration section */

/* Begin XCConfigurationList section */
		09EF87562A24D6CC00EC9D7A /* Build configuration list for PBXProject "MineCharts" */ = {
			isa = XCConfigurationList;
			buildConfigurations = (
				09EF87672A24D6D000EC9D7A /* Debug */,
				09EF87682A24D6D000EC9D7A /* Release */,
			);
			defaultConfigurationIsVisible = 0;
			defaultConfigurationName = Release;
		};
		09EF87692A24D6D000EC9D7A /* Build configuration list for PBXNativeTarget "MineCharts" */ = {
			isa = XCConfigurationList;
			buildConfigurations = (
				09EF876A2A24D6D000EC9D7A /* Debug */,
				09EF876B2A24D6D000EC9D7A /* Release */,
			);
			defaultConfigurationIsVisible = 0;
			defaultConfigurationName = Release;
		};
/* End XCConfigurationList section */

/* Begin XCRemoteSwiftPackageReference section */
		09F879AF2A28BA3100E7545F /* XCRemoteSwiftPackageReference "Alamofire" */ = {
			isa = XCRemoteSwiftPackageReference;
			repositoryURL = "https://github.com/Alamofire/Alamofire";
			requirement = {
				kind = upToNextMajorVersion;
				minimumVersion = 5.0.0;
			};
		};
/* End XCRemoteSwiftPackageReference section */

/* Begin XCSwiftPackageProductDependency section */
		09F879B02A28BA3100E7545F /* Alamofire */ = {
			isa = XCSwiftPackageProductDependency;
			package = 09F879AF2A28BA3100E7545F /* XCRemoteSwiftPackageReference "Alamofire" */;
			productName = Alamofire;
		};
/* End XCSwiftPackageProductDependency section */
	};
	rootObject = 09EF87532A24D6CC00EC9D7A /* Project object */;
}
